// !$*UTF8*$!
{
	archiveVersion = 1;
	classes = {
	};
	objectVersion = 55;
	objects = {

/* Begin PBXBuildFile section */
		3BD9D1D08DD9CF3CDC723BED /* Pods_CryptoTelemedi.framework in Frameworks */ = {isa = PBXBuildFile; fileRef = 6ED4F5B592BFC0F9AD51595C /* Pods_CryptoTelemedi.framework */; };
		6E877D5728BDEAA8FEB36C72 /* Pods_CryptoTelemediTests.framework in Frameworks */ = {isa = PBXBuildFile; fileRef = 54BAE1CF1421DE80D9B3B722 /* Pods_CryptoTelemediTests.framework */; };
		7F4383E4E77214C298273065 /* Pods_CryptoTelemedi_CryptoTelemediUITests.framework in Frameworks */ = {isa = PBXBuildFile; fileRef = 62AC64947C3A8409FAFA73B8 /* Pods_CryptoTelemedi_CryptoTelemediUITests.framework */; };
		CE15C428274B800D001BEC42 /* CurrencyDetailsViewController.swift in Sources */ = {isa = PBXBuildFile; fileRef = CE15C426274B800D001BEC42 /* CurrencyDetailsViewController.swift */; };
		CE15C429274B800D001BEC42 /* CurrencyDetailsViewController.xib in Resources */ = {isa = PBXBuildFile; fileRef = CE15C427274B800D001BEC42 /* CurrencyDetailsViewController.xib */; };
		CE1AFBF427493575006B90B4 /* AppDelegate.swift in Sources */ = {isa = PBXBuildFile; fileRef = CE1AFBF327493575006B90B4 /* AppDelegate.swift */; };
		CE1AFBF627493575006B90B4 /* SceneDelegate.swift in Sources */ = {isa = PBXBuildFile; fileRef = CE1AFBF527493575006B90B4 /* SceneDelegate.swift */; };
		CE1AFBFD27493576006B90B4 /* Assets.xcassets in Resources */ = {isa = PBXBuildFile; fileRef = CE1AFBFC27493576006B90B4 /* Assets.xcassets */; };
		CE1AFC0027493576006B90B4 /* LaunchScreen.storyboard in Resources */ = {isa = PBXBuildFile; fileRef = CE1AFBFE27493576006B90B4 /* LaunchScreen.storyboard */; };
		CE1AFC1527493576006B90B4 /* CryptoTelemediUITests.swift in Sources */ = {isa = PBXBuildFile; fileRef = CE1AFC1427493576006B90B4 /* CryptoTelemediUITests.swift */; };
		CE1AFC1727493576006B90B4 /* CryptoTelemediUITestsLaunchTests.swift in Sources */ = {isa = PBXBuildFile; fileRef = CE1AFC1627493576006B90B4 /* CryptoTelemediUITestsLaunchTests.swift */; };
		CE1AFC3227494D5A006B90B4 /* CurrencyListingViewModel.swift in Sources */ = {isa = PBXBuildFile; fileRef = CE1AFC3127494D5A006B90B4 /* CurrencyListingViewModel.swift */; };
		CE67B7B7274BEC9900A9958C /* CurrencyTableViewCell.swift in Sources */ = {isa = PBXBuildFile; fileRef = CE67B7B5274BEC9900A9958C /* CurrencyTableViewCell.swift */; };
		CE67B7B8274BEC9900A9958C /* CurrencyTableViewCell.xib in Resources */ = {isa = PBXBuildFile; fileRef = CE67B7B6274BEC9900A9958C /* CurrencyTableViewCell.xib */; };
		CE6FFB9C274F8837004178D5 /* Typealiases.swift in Sources */ = {isa = PBXBuildFile; fileRef = CE6FFB9B274F8837004178D5 /* Typealiases.swift */; };
		CE6FFBA1274F8C95004178D5 /* R.generated.swift in Sources */ = {isa = PBXBuildFile; fileRef = CE6FFBA0274F8C95004178D5 /* R.generated.swift */; };
		CE6FFBA4274F8EAB004178D5 /* Localizable.strings in Resources */ = {isa = PBXBuildFile; fileRef = CE6FFBA6274F8EAB004178D5 /* Localizable.strings */; };
		CE92E886274FA82D00450AB9 /* CurrencyListingViewModelTests.swift in Sources */ = {isa = PBXBuildFile; fileRef = CE92E885274FA82D00450AB9 /* CurrencyListingViewModelTests.swift */; };
		CE92E88B274FAEF400450AB9 /* CurrencyListingManagerMock.swift in Sources */ = {isa = PBXBuildFile; fileRef = CE92E88A274FAEF400450AB9 /* CurrencyListingManagerMock.swift */; };
		CE92E88D274FB5EA00450AB9 /* Collection+SafeIndex.swift in Sources */ = {isa = PBXBuildFile; fileRef = CE92E88C274FB5EA00450AB9 /* Collection+SafeIndex.swift */; };
		CECD0F8F27495DB400701C81 /* CurrencyDetailsViewModel.swift in Sources */ = {isa = PBXBuildFile; fileRef = CECD0F8E27495DB400701C81 /* CurrencyDetailsViewModel.swift */; };
		CECD0F9127495DE200701C81 /* CurrencyDetailsCoordinator.swift in Sources */ = {isa = PBXBuildFile; fileRef = CECD0F9027495DE200701C81 /* CurrencyDetailsCoordinator.swift */; };
		CECD0F9327495DEE00701C81 /* CurrencyListingCoordinator.swift in Sources */ = {isa = PBXBuildFile; fileRef = CECD0F9227495DEE00701C81 /* CurrencyListingCoordinator.swift */; };
		CECE01CE274D789400E50F81 /* CustomErrors.swift in Sources */ = {isa = PBXBuildFile; fileRef = CECE01CD274D789400E50F81 /* CustomErrors.swift */; };
		CECE01D0274D79E400E50F81 /* AlertHelper.swift in Sources */ = {isa = PBXBuildFile; fileRef = CECE01CF274D79E400E50F81 /* AlertHelper.swift */; };
		CECF992C274A895600244E56 /* AppCoordinator.swift in Sources */ = {isa = PBXBuildFile; fileRef = CECF992B274A895600244E56 /* AppCoordinator.swift */; };
		CECF992F274ACDB000244E56 /* CurrencyListingViewController.swift in Sources */ = {isa = PBXBuildFile; fileRef = CECF992D274ACDB000244E56 /* CurrencyListingViewController.swift */; };
		CECF9930274ACDB000244E56 /* CurrencyListingViewController.xib in Resources */ = {isa = PBXBuildFile; fileRef = CECF992E274ACDB000244E56 /* CurrencyListingViewController.xib */; };
		CED6BFB1274C199A00EF6CDC /* CurrencyListingManager.swift in Sources */ = {isa = PBXBuildFile; fileRef = CED6BFB0274C199A00EF6CDC /* CurrencyListingManager.swift */; };
		CED6BFB6274C1DEC00EF6CDC /* DataRequest.swift in Sources */ = {isa = PBXBuildFile; fileRef = CED6BFB5274C1DEC00EF6CDC /* DataRequest.swift */; };
		CED6BFB8274C1F4C00EF6CDC /* NetworkService.swift in Sources */ = {isa = PBXBuildFile; fileRef = CED6BFB7274C1F4C00EF6CDC /* NetworkService.swift */; };
		CED6BFBB274CDF2600EF6CDC /* CurrencyListingRequest.swift in Sources */ = {isa = PBXBuildFile; fileRef = CED6BFBA274CDF2600EF6CDC /* CurrencyListingRequest.swift */; };
		CED6BFBE274CFA3300EF6CDC /* UIViewController+ShowAndHideSpinner.swift in Sources */ = {isa = PBXBuildFile; fileRef = CED6BFBD274CFA3300EF6CDC /* UIViewController+ShowAndHideSpinner.swift */; };
		CED6BFC0274CFAE300EF6CDC /* LoadingStateHelper.swift in Sources */ = {isa = PBXBuildFile; fileRef = CED6BFBF274CFAE300EF6CDC /* LoadingStateHelper.swift */; };
		CED6BFC3274D192E00EF6CDC /* BasicNetworkData.swift in Sources */ = {isa = PBXBuildFile; fileRef = CED6BFC2274D192E00EF6CDC /* BasicNetworkData.swift */; };
		CED6BFC5274D292200EF6CDC /* CryptocurrencyListingsResponse.swift in Sources */ = {isa = PBXBuildFile; fileRef = CED6BFC4274D292200EF6CDC /* CryptocurrencyListingsResponse.swift */; };
		CED6BFC7274D293A00EF6CDC /* CurrencyResponse.swift in Sources */ = {isa = PBXBuildFile; fileRef = CED6BFC6274D293A00EF6CDC /* CurrencyResponse.swift */; };
		CED6BFC9274D299900EF6CDC /* Currency.swift in Sources */ = {isa = PBXBuildFile; fileRef = CED6BFC8274D299900EF6CDC /* Currency.swift */; };
/* End PBXBuildFile section */

/* Begin PBXContainerItemProxy section */
		CE1AFC0727493576006B90B4 /* PBXContainerItemProxy */ = {
			isa = PBXContainerItemProxy;
			containerPortal = CE1AFBE827493575006B90B4 /* Project object */;
			proxyType = 1;
			remoteGlobalIDString = CE1AFBEF27493575006B90B4;
			remoteInfo = CryptoTelemedi;
		};
		CE1AFC1127493576006B90B4 /* PBXContainerItemProxy */ = {
			isa = PBXContainerItemProxy;
			containerPortal = CE1AFBE827493575006B90B4 /* Project object */;
			proxyType = 1;
			remoteGlobalIDString = CE1AFBEF27493575006B90B4;
			remoteInfo = CryptoTelemedi;
		};
/* End PBXContainerItemProxy section */

/* Begin PBXFileReference section */
		35908B29130BD2D0DA252B0F /* Pods-CryptoTelemediTests.debug.xcconfig */ = {isa = PBXFileReference; includeInIndex = 1; lastKnownFileType = text.xcconfig; name = "Pods-CryptoTelemediTests.debug.xcconfig"; path = "Target Support Files/Pods-CryptoTelemediTests/Pods-CryptoTelemediTests.debug.xcconfig"; sourceTree = "<group>"; };
		3E9434CEA5F551F90B5D1A12 /* Pods-CryptoTelemedi.debug.xcconfig */ = {isa = PBXFileReference; includeInIndex = 1; lastKnownFileType = text.xcconfig; name = "Pods-CryptoTelemedi.debug.xcconfig"; path = "Target Support Files/Pods-CryptoTelemedi/Pods-CryptoTelemedi.debug.xcconfig"; sourceTree = "<group>"; };
		54BAE1CF1421DE80D9B3B722 /* Pods_CryptoTelemediTests.framework */ = {isa = PBXFileReference; explicitFileType = wrapper.framework; includeInIndex = 0; path = Pods_CryptoTelemediTests.framework; sourceTree = BUILT_PRODUCTS_DIR; };
		62AC64947C3A8409FAFA73B8 /* Pods_CryptoTelemedi_CryptoTelemediUITests.framework */ = {isa = PBXFileReference; explicitFileType = wrapper.framework; includeInIndex = 0; path = Pods_CryptoTelemedi_CryptoTelemediUITests.framework; sourceTree = BUILT_PRODUCTS_DIR; };
		6ED4F5B592BFC0F9AD51595C /* Pods_CryptoTelemedi.framework */ = {isa = PBXFileReference; explicitFileType = wrapper.framework; includeInIndex = 0; path = Pods_CryptoTelemedi.framework; sourceTree = BUILT_PRODUCTS_DIR; };
		7C519F21422A48CEA0768CA7 /* Pods-CryptoTelemedi.release.xcconfig */ = {isa = PBXFileReference; includeInIndex = 1; lastKnownFileType = text.xcconfig; name = "Pods-CryptoTelemedi.release.xcconfig"; path = "Target Support Files/Pods-CryptoTelemedi/Pods-CryptoTelemedi.release.xcconfig"; sourceTree = "<group>"; };
		CDC8B8613BEA505468225020 /* Pods-CryptoTelemedi-CryptoTelemediUITests.release.xcconfig */ = {isa = PBXFileReference; includeInIndex = 1; lastKnownFileType = text.xcconfig; name = "Pods-CryptoTelemedi-CryptoTelemediUITests.release.xcconfig"; path = "Target Support Files/Pods-CryptoTelemedi-CryptoTelemediUITests/Pods-CryptoTelemedi-CryptoTelemediUITests.release.xcconfig"; sourceTree = "<group>"; };
		CE15C426274B800D001BEC42 /* CurrencyDetailsViewController.swift */ = {isa = PBXFileReference; lastKnownFileType = sourcecode.swift; path = CurrencyDetailsViewController.swift; sourceTree = "<group>"; };
		CE15C427274B800D001BEC42 /* CurrencyDetailsViewController.xib */ = {isa = PBXFileReference; lastKnownFileType = file.xib; path = CurrencyDetailsViewController.xib; sourceTree = "<group>"; };
		CE1AFBF027493575006B90B4 /* CryptoTelemedi.app */ = {isa = PBXFileReference; explicitFileType = wrapper.application; includeInIndex = 0; path = CryptoTelemedi.app; sourceTree = BUILT_PRODUCTS_DIR; };
		CE1AFBF327493575006B90B4 /* AppDelegate.swift */ = {isa = PBXFileReference; lastKnownFileType = sourcecode.swift; path = AppDelegate.swift; sourceTree = "<group>"; };
		CE1AFBF527493575006B90B4 /* SceneDelegate.swift */ = {isa = PBXFileReference; lastKnownFileType = sourcecode.swift; path = SceneDelegate.swift; sourceTree = "<group>"; };
		CE1AFBFC27493576006B90B4 /* Assets.xcassets */ = {isa = PBXFileReference; lastKnownFileType = folder.assetcatalog; path = Assets.xcassets; sourceTree = "<group>"; };
		CE1AFBFF27493576006B90B4 /* Base */ = {isa = PBXFileReference; lastKnownFileType = file.storyboard; name = Base; path = Base.lproj/LaunchScreen.storyboard; sourceTree = "<group>"; };
		CE1AFC0127493576006B90B4 /* Info.plist */ = {isa = PBXFileReference; lastKnownFileType = text.plist.xml; path = Info.plist; sourceTree = "<group>"; };
		CE1AFC0627493576006B90B4 /* CryptoTelemediTests.xctest */ = {isa = PBXFileReference; explicitFileType = wrapper.cfbundle; includeInIndex = 0; path = CryptoTelemediTests.xctest; sourceTree = BUILT_PRODUCTS_DIR; };
		CE1AFC1027493576006B90B4 /* CryptoTelemediUITests.xctest */ = {isa = PBXFileReference; explicitFileType = wrapper.cfbundle; includeInIndex = 0; path = CryptoTelemediUITests.xctest; sourceTree = BUILT_PRODUCTS_DIR; };
		CE1AFC1427493576006B90B4 /* CryptoTelemediUITests.swift */ = {isa = PBXFileReference; lastKnownFileType = sourcecode.swift; path = CryptoTelemediUITests.swift; sourceTree = "<group>"; };
		CE1AFC1627493576006B90B4 /* CryptoTelemediUITestsLaunchTests.swift */ = {isa = PBXFileReference; lastKnownFileType = sourcecode.swift; path = CryptoTelemediUITestsLaunchTests.swift; sourceTree = "<group>"; };
		CE1AFC3127494D5A006B90B4 /* CurrencyListingViewModel.swift */ = {isa = PBXFileReference; lastKnownFileType = sourcecode.swift; path = CurrencyListingViewModel.swift; sourceTree = "<group>"; };
		CE67B7B5274BEC9900A9958C /* CurrencyTableViewCell.swift */ = {isa = PBXFileReference; lastKnownFileType = sourcecode.swift; path = CurrencyTableViewCell.swift; sourceTree = "<group>"; };
		CE67B7B6274BEC9900A9958C /* CurrencyTableViewCell.xib */ = {isa = PBXFileReference; lastKnownFileType = file.xib; path = CurrencyTableViewCell.xib; sourceTree = "<group>"; };
		CE6FFB9B274F8837004178D5 /* Typealiases.swift */ = {isa = PBXFileReference; lastKnownFileType = sourcecode.swift; path = Typealiases.swift; sourceTree = "<group>"; };
		CE6FFBA0274F8C95004178D5 /* R.generated.swift */ = {isa = PBXFileReference; fileEncoding = 4; lastKnownFileType = sourcecode.swift; path = R.generated.swift; sourceTree = "<group>"; };
		CE6FFBA5274F8EAB004178D5 /* en */ = {isa = PBXFileReference; lastKnownFileType = text.plist.strings; name = en; path = en.lproj/Localizable.strings; sourceTree = "<group>"; };
		CE92E885274FA82D00450AB9 /* CurrencyListingViewModelTests.swift */ = {isa = PBXFileReference; lastKnownFileType = sourcecode.swift; path = CurrencyListingViewModelTests.swift; sourceTree = "<group>"; };
		CE92E88A274FAEF400450AB9 /* CurrencyListingManagerMock.swift */ = {isa = PBXFileReference; lastKnownFileType = sourcecode.swift; path = CurrencyListingManagerMock.swift; sourceTree = "<group>"; };
		CE92E88C274FB5EA00450AB9 /* Collection+SafeIndex.swift */ = {isa = PBXFileReference; lastKnownFileType = sourcecode.swift; path = "Collection+SafeIndex.swift"; sourceTree = "<group>"; };
		CECD0F8E27495DB400701C81 /* CurrencyDetailsViewModel.swift */ = {isa = PBXFileReference; lastKnownFileType = sourcecode.swift; path = CurrencyDetailsViewModel.swift; sourceTree = "<group>"; };
		CECD0F9027495DE200701C81 /* CurrencyDetailsCoordinator.swift */ = {isa = PBXFileReference; lastKnownFileType = sourcecode.swift; path = CurrencyDetailsCoordinator.swift; sourceTree = "<group>"; };
		CECD0F9227495DEE00701C81 /* CurrencyListingCoordinator.swift */ = {isa = PBXFileReference; lastKnownFileType = sourcecode.swift; path = CurrencyListingCoordinator.swift; sourceTree = "<group>"; };
		CECE01CD274D789400E50F81 /* CustomErrors.swift */ = {isa = PBXFileReference; lastKnownFileType = sourcecode.swift; path = CustomErrors.swift; sourceTree = "<group>"; };
		CECE01CF274D79E400E50F81 /* AlertHelper.swift */ = {isa = PBXFileReference; lastKnownFileType = sourcecode.swift; path = AlertHelper.swift; sourceTree = "<group>"; };
		CECF992B274A895600244E56 /* AppCoordinator.swift */ = {isa = PBXFileReference; lastKnownFileType = sourcecode.swift; path = AppCoordinator.swift; sourceTree = "<group>"; };
		CECF992D274ACDB000244E56 /* CurrencyListingViewController.swift */ = {isa = PBXFileReference; lastKnownFileType = sourcecode.swift; path = CurrencyListingViewController.swift; sourceTree = "<group>"; };
		CECF992E274ACDB000244E56 /* CurrencyListingViewController.xib */ = {isa = PBXFileReference; lastKnownFileType = file.xib; path = CurrencyListingViewController.xib; sourceTree = "<group>"; };
		CED6BFB0274C199A00EF6CDC /* CurrencyListingManager.swift */ = {isa = PBXFileReference; lastKnownFileType = sourcecode.swift; path = CurrencyListingManager.swift; sourceTree = "<group>"; };
		CED6BFB5274C1DEC00EF6CDC /* DataRequest.swift */ = {isa = PBXFileReference; lastKnownFileType = sourcecode.swift; path = DataRequest.swift; sourceTree = "<group>"; };
		CED6BFB7274C1F4C00EF6CDC /* NetworkService.swift */ = {isa = PBXFileReference; lastKnownFileType = sourcecode.swift; path = NetworkService.swift; sourceTree = "<group>"; };
		CED6BFBA274CDF2600EF6CDC /* CurrencyListingRequest.swift */ = {isa = PBXFileReference; lastKnownFileType = sourcecode.swift; path = CurrencyListingRequest.swift; sourceTree = "<group>"; };
		CED6BFBD274CFA3300EF6CDC /* UIViewController+ShowAndHideSpinner.swift */ = {isa = PBXFileReference; lastKnownFileType = sourcecode.swift; path = "UIViewController+ShowAndHideSpinner.swift"; sourceTree = "<group>"; };
		CED6BFBF274CFAE300EF6CDC /* LoadingStateHelper.swift */ = {isa = PBXFileReference; lastKnownFileType = sourcecode.swift; path = LoadingStateHelper.swift; sourceTree = "<group>"; };
		CED6BFC2274D192E00EF6CDC /* BasicNetworkData.swift */ = {isa = PBXFileReference; lastKnownFileType = sourcecode.swift; path = BasicNetworkData.swift; sourceTree = "<group>"; };
		CED6BFC4274D292200EF6CDC /* CryptocurrencyListingsResponse.swift */ = {isa = PBXFileReference; lastKnownFileType = sourcecode.swift; path = CryptocurrencyListingsResponse.swift; sourceTree = "<group>"; };
		CED6BFC6274D293A00EF6CDC /* CurrencyResponse.swift */ = {isa = PBXFileReference; lastKnownFileType = sourcecode.swift; path = CurrencyResponse.swift; sourceTree = "<group>"; };
		CED6BFC8274D299900EF6CDC /* Currency.swift */ = {isa = PBXFileReference; lastKnownFileType = sourcecode.swift; path = Currency.swift; sourceTree = "<group>"; };
		DA257757332B5072304A8D65 /* Pods-CryptoTelemedi-CryptoTelemediUITests.debug.xcconfig */ = {isa = PBXFileReference; includeInIndex = 1; lastKnownFileType = text.xcconfig; name = "Pods-CryptoTelemedi-CryptoTelemediUITests.debug.xcconfig"; path = "Target Support Files/Pods-CryptoTelemedi-CryptoTelemediUITests/Pods-CryptoTelemedi-CryptoTelemediUITests.debug.xcconfig"; sourceTree = "<group>"; };
		DB58452197F8503106A613FA /* Pods-CryptoTelemediTests.release.xcconfig */ = {isa = PBXFileReference; includeInIndex = 1; lastKnownFileType = text.xcconfig; name = "Pods-CryptoTelemediTests.release.xcconfig"; path = "Target Support Files/Pods-CryptoTelemediTests/Pods-CryptoTelemediTests.release.xcconfig"; sourceTree = "<group>"; };
/* End PBXFileReference section */

/* Begin PBXFrameworksBuildPhase section */
		CE1AFBED27493575006B90B4 /* Frameworks */ = {
			isa = PBXFrameworksBuildPhase;
			buildActionMask = 2147483647;
			files = (
				3BD9D1D08DD9CF3CDC723BED /* Pods_CryptoTelemedi.framework in Frameworks */,
			);
			runOnlyForDeploymentPostprocessing = 0;
		};
		CE1AFC0327493576006B90B4 /* Frameworks */ = {
			isa = PBXFrameworksBuildPhase;
			buildActionMask = 2147483647;
			files = (
				6E877D5728BDEAA8FEB36C72 /* Pods_CryptoTelemediTests.framework in Frameworks */,
			);
			runOnlyForDeploymentPostprocessing = 0;
		};
		CE1AFC0D27493576006B90B4 /* Frameworks */ = {
			isa = PBXFrameworksBuildPhase;
			buildActionMask = 2147483647;
			files = (
				7F4383E4E77214C298273065 /* Pods_CryptoTelemedi_CryptoTelemediUITests.framework in Frameworks */,
			);
			runOnlyForDeploymentPostprocessing = 0;
		};
/* End PBXFrameworksBuildPhase section */

/* Begin PBXGroup section */
		38B8D45FF04D4EB234DE46E2 /* Pods */ = {
			isa = PBXGroup;
			children = (
				3E9434CEA5F551F90B5D1A12 /* Pods-CryptoTelemedi.debug.xcconfig */,
				7C519F21422A48CEA0768CA7 /* Pods-CryptoTelemedi.release.xcconfig */,
				DA257757332B5072304A8D65 /* Pods-CryptoTelemedi-CryptoTelemediUITests.debug.xcconfig */,
				CDC8B8613BEA505468225020 /* Pods-CryptoTelemedi-CryptoTelemediUITests.release.xcconfig */,
				35908B29130BD2D0DA252B0F /* Pods-CryptoTelemediTests.debug.xcconfig */,
				DB58452197F8503106A613FA /* Pods-CryptoTelemediTests.release.xcconfig */,
			);
			path = Pods;
			sourceTree = "<group>";
		};
		84E64ABD0FBCC2CAD202B233 /* Frameworks */ = {
			isa = PBXGroup;
			children = (
				6ED4F5B592BFC0F9AD51595C /* Pods_CryptoTelemedi.framework */,
				62AC64947C3A8409FAFA73B8 /* Pods_CryptoTelemedi_CryptoTelemediUITests.framework */,
				54BAE1CF1421DE80D9B3B722 /* Pods_CryptoTelemediTests.framework */,
			);
			name = Frameworks;
			sourceTree = "<group>";
		};
		CE1AFBE727493575006B90B4 = {
			isa = PBXGroup;
			children = (
				CE1AFBF227493575006B90B4 /* CryptoTelemedi */,
				CE1AFC0927493576006B90B4 /* CryptoTelemediTests */,
				CE1AFC1327493576006B90B4 /* CryptoTelemediUITests */,
				CE1AFBF127493575006B90B4 /* Products */,
				38B8D45FF04D4EB234DE46E2 /* Pods */,
				84E64ABD0FBCC2CAD202B233 /* Frameworks */,
			);
			sourceTree = "<group>";
		};
		CE1AFBF127493575006B90B4 /* Products */ = {
			isa = PBXGroup;
			children = (
				CE1AFBF027493575006B90B4 /* CryptoTelemedi.app */,
				CE1AFC0627493576006B90B4 /* CryptoTelemediTests.xctest */,
				CE1AFC1027493576006B90B4 /* CryptoTelemediUITests.xctest */,
			);
			name = Products;
			sourceTree = "<group>";
		};
		CE1AFBF227493575006B90B4 /* CryptoTelemedi */ = {
			isa = PBXGroup;
			children = (
				CE6FFB9F274F8C95004178D5 /* Resources */,
				CED6BFC1274CFD6B00EF6CDC /* Helpers */,
				CE1AFC2E27494943006B90B4 /* Model */,
				CE1AFC242749478E006B90B4 /* Scenes */,
				CE1AFC232749477D006B90B4 /* Networking */,
				CE1AFBF327493575006B90B4 /* AppDelegate.swift */,
				CECF992B274A895600244E56 /* AppCoordinator.swift */,
				CE1AFBF527493575006B90B4 /* SceneDelegate.swift */,
				CE1AFBFC27493576006B90B4 /* Assets.xcassets */,
				CE1AFBFE27493576006B90B4 /* LaunchScreen.storyboard */,
				CE1AFC0127493576006B90B4 /* Info.plist */,
				CE6FFBA6274F8EAB004178D5 /* Localizable.strings */,
			);
			path = CryptoTelemedi;
			sourceTree = "<group>";
		};
		CE1AFC0927493576006B90B4 /* CryptoTelemediTests */ = {
			isa = PBXGroup;
			children = (
				CE92E887274FAED200450AB9 /* Mocks */,
				CE92E885274FA82D00450AB9 /* CurrencyListingViewModelTests.swift */,
			);
			path = CryptoTelemediTests;
			sourceTree = "<group>";
		};
		CE1AFC1327493576006B90B4 /* CryptoTelemediUITests */ = {
			isa = PBXGroup;
			children = (
				CE1AFC1427493576006B90B4 /* CryptoTelemediUITests.swift */,
				CE1AFC1627493576006B90B4 /* CryptoTelemediUITestsLaunchTests.swift */,
			);
			path = CryptoTelemediUITests;
			sourceTree = "<group>";
		};
		CE1AFC232749477D006B90B4 /* Networking */ = {
			isa = PBXGroup;
			children = (
				CED6BFCA274D42EC00EF6CDC /* DataRequests */,
				CED6BFB2274C1DCF00EF6CDC /* Basics */,
				CE1AFC3627494DCC006B90B4 /* Managers */,
				CE1AFC3527494DC2006B90B4 /* Services */,
				CE1AFC2F2749495F006B90B4 /* NetworkingObjects */,
			);
			path = Networking;
			sourceTree = "<group>";
		};
		CE1AFC242749478E006B90B4 /* Scenes */ = {
			isa = PBXGroup;
			children = (
				CE1AFC2727494848006B90B4 /* Currency Details */,
				CE1AFC252749483B006B90B4 /* Currency Listing */,
			);
			path = Scenes;
			sourceTree = "<group>";
		};
		CE1AFC252749483B006B90B4 /* Currency Listing */ = {
			isa = PBXGroup;
			children = (
				CE1AFC3327494D5F006B90B4 /* Coordinator */,
				CE1AFC2D274948B4006B90B4 /* ViewModel */,
				CE1AFC2C274948AF006B90B4 /* View */,
			);
			path = "Currency Listing";
			sourceTree = "<group>";
		};
		CE1AFC2727494848006B90B4 /* Currency Details */ = {
			isa = PBXGroup;
			children = (
				CE1AFC3427494D88006B90B4 /* Coordinator */,
				CE1AFC2B274948A9006B90B4 /* ViewModel */,
				CE1AFC2A274948A5006B90B4 /* View */,
			);
			path = "Currency Details";
			sourceTree = "<group>";
		};
		CE1AFC2A274948A5006B90B4 /* View */ = {
			isa = PBXGroup;
			children = (
				CE15C426274B800D001BEC42 /* CurrencyDetailsViewController.swift */,
				CE15C427274B800D001BEC42 /* CurrencyDetailsViewController.xib */,
			);
			path = View;
			sourceTree = "<group>";
		};
		CE1AFC2B274948A9006B90B4 /* ViewModel */ = {
			isa = PBXGroup;
			children = (
				CECD0F8E27495DB400701C81 /* CurrencyDetailsViewModel.swift */,
			);
			path = ViewModel;
			sourceTree = "<group>";
		};
		CE1AFC2C274948AF006B90B4 /* View */ = {
			isa = PBXGroup;
			children = (
				CE1AFC3027494D35006B90B4 /* Cells */,
				CECF992D274ACDB000244E56 /* CurrencyListingViewController.swift */,
				CECF992E274ACDB000244E56 /* CurrencyListingViewController.xib */,
			);
			path = View;
			sourceTree = "<group>";
		};
		CE1AFC2D274948B4006B90B4 /* ViewModel */ = {
			isa = PBXGroup;
			children = (
				CE1AFC3127494D5A006B90B4 /* CurrencyListingViewModel.swift */,
			);
			path = ViewModel;
			sourceTree = "<group>";
		};
		CE1AFC2E27494943006B90B4 /* Model */ = {
			isa = PBXGroup;
			children = (
				CED6BFC8274D299900EF6CDC /* Currency.swift */,
			);
			path = Model;
			sourceTree = "<group>";
		};
		CE1AFC2F2749495F006B90B4 /* NetworkingObjects */ = {
			isa = PBXGroup;
			children = (
				CE1AFC3727494DF6006B90B4 /* Models */,
			);
			path = NetworkingObjects;
			sourceTree = "<group>";
		};
		CE1AFC3027494D35006B90B4 /* Cells */ = {
			isa = PBXGroup;
			children = (
				CE67B7B5274BEC9900A9958C /* CurrencyTableViewCell.swift */,
				CE67B7B6274BEC9900A9958C /* CurrencyTableViewCell.xib */,
			);
			path = Cells;
			sourceTree = "<group>";
		};
		CE1AFC3327494D5F006B90B4 /* Coordinator */ = {
			isa = PBXGroup;
			children = (
				CECD0F9227495DEE00701C81 /* CurrencyListingCoordinator.swift */,
			);
			path = Coordinator;
			sourceTree = "<group>";
		};
		CE1AFC3427494D88006B90B4 /* Coordinator */ = {
			isa = PBXGroup;
			children = (
				CECD0F9027495DE200701C81 /* CurrencyDetailsCoordinator.swift */,
			);
			path = Coordinator;
			sourceTree = "<group>";
		};
		CE1AFC3527494DC2006B90B4 /* Services */ = {
			isa = PBXGroup;
			children = (
				CED6BFB7274C1F4C00EF6CDC /* NetworkService.swift */,
			);
			path = Services;
			sourceTree = "<group>";
		};
		CE1AFC3627494DCC006B90B4 /* Managers */ = {
			isa = PBXGroup;
			children = (
				CED6BFB0274C199A00EF6CDC /* CurrencyListingManager.swift */,
			);
			path = Managers;
			sourceTree = "<group>";
		};
		CE1AFC3727494DF6006B90B4 /* Models */ = {
			isa = PBXGroup;
			children = (
				CE1AFC3927494E18006B90B4 /* Responses */,
				CE1AFC3827494E0F006B90B4 /* Parameters */,
			);
			path = Models;
			sourceTree = "<group>";
		};
		CE1AFC3827494E0F006B90B4 /* Parameters */ = {
			isa = PBXGroup;
			children = (
			);
			path = Parameters;
			sourceTree = "<group>";
		};
		CE1AFC3927494E18006B90B4 /* Responses */ = {
			isa = PBXGroup;
			children = (
				CED6BFC4274D292200EF6CDC /* CryptocurrencyListingsResponse.swift */,
				CED6BFC6274D293A00EF6CDC /* CurrencyResponse.swift */,
			);
			path = Responses;
			sourceTree = "<group>";
		};
		CE6FFB9F274F8C95004178D5 /* Resources */ = {
			isa = PBXGroup;
			children = (
				CE6FFBA0274F8C95004178D5 /* R.generated.swift */,
			);
			path = Resources;
			sourceTree = "<group>";
		};
		CE92E887274FAED200450AB9 /* Mocks */ = {
			isa = PBXGroup;
			children = (
				CE92E888274FAED900450AB9 /* Networking */,
			);
			path = Mocks;
			sourceTree = "<group>";
		};
		CE92E888274FAED900450AB9 /* Networking */ = {
			isa = PBXGroup;
			children = (
				CE92E889274FAEE000450AB9 /* Managers */,
			);
			path = Networking;
			sourceTree = "<group>";
		};
		CE92E889274FAEE000450AB9 /* Managers */ = {
			isa = PBXGroup;
			children = (
				CE92E88A274FAEF400450AB9 /* CurrencyListingManagerMock.swift */,
			);
			path = Managers;
			sourceTree = "<group>";
		};
		CED6BFB2274C1DCF00EF6CDC /* Basics */ = {
			isa = PBXGroup;
			children = (
				CED6BFC2274D192E00EF6CDC /* BasicNetworkData.swift */,
			);
			path = Basics;
			sourceTree = "<group>";
		};
		CED6BFBC274CFA2800EF6CDC /* Extensions */ = {
			isa = PBXGroup;
			children = (
				CED6BFBD274CFA3300EF6CDC /* UIViewController+ShowAndHideSpinner.swift */,
				CE92E88C274FB5EA00450AB9 /* Collection+SafeIndex.swift */,
			);
			path = Extensions;
			sourceTree = "<group>";
		};
		CED6BFC1274CFD6B00EF6CDC /* Helpers */ = {
			isa = PBXGroup;
			children = (
				CED6BFBC274CFA2800EF6CDC /* Extensions */,
				CECE01CF274D79E400E50F81 /* AlertHelper.swift */,
				CED6BFBF274CFAE300EF6CDC /* LoadingStateHelper.swift */,
				CECE01CD274D789400E50F81 /* CustomErrors.swift */,
				CE6FFB9B274F8837004178D5 /* Typealiases.swift */,
			);
			path = Helpers;
			sourceTree = "<group>";
		};
		CED6BFCA274D42EC00EF6CDC /* DataRequests */ = {
			isa = PBXGroup;
			children = (
				CED6BFB5274C1DEC00EF6CDC /* DataRequest.swift */,
				CED6BFBA274CDF2600EF6CDC /* CurrencyListingRequest.swift */,
			);
			path = DataRequests;
			sourceTree = "<group>";
		};
/* End PBXGroup section */

/* Begin PBXNativeTarget section */
		CE1AFBEF27493575006B90B4 /* CryptoTelemedi */ = {
			isa = PBXNativeTarget;
			buildConfigurationList = CE1AFC1A27493576006B90B4 /* Build configuration list for PBXNativeTarget "CryptoTelemedi" */;
			buildPhases = (
				1099A1292983BAFE39E43289 /* [CP] Check Pods Manifest.lock */,
				CE6FFB9E274F897C004178D5 /* R.swift */,
				CE1AFBEC27493575006B90B4 /* Sources */,
				CE1AFBED27493575006B90B4 /* Frameworks */,
				CE1AFBEE27493575006B90B4 /* Resources */,
				262D251F78D542BF77EEFFED /* [CP] Embed Pods Frameworks */,
			);
			buildRules = (
			);
			dependencies = (
			);
			name = CryptoTelemedi;
			productName = CryptoTelemedi;
			productReference = CE1AFBF027493575006B90B4 /* CryptoTelemedi.app */;
			productType = "com.apple.product-type.application";
		};
		CE1AFC0527493576006B90B4 /* CryptoTelemediTests */ = {
			isa = PBXNativeTarget;
			buildConfigurationList = CE1AFC1D27493576006B90B4 /* Build configuration list for PBXNativeTarget "CryptoTelemediTests" */;
			buildPhases = (
				A0D6A1DA9AB32793FF834EC3 /* [CP] Check Pods Manifest.lock */,
				CE1AFC0227493576006B90B4 /* Sources */,
				CE1AFC0327493576006B90B4 /* Frameworks */,
				CE1AFC0427493576006B90B4 /* Resources */,
			);
			buildRules = (
			);
			dependencies = (
				CE1AFC0827493576006B90B4 /* PBXTargetDependency */,
			);
			name = CryptoTelemediTests;
			productName = CryptoTelemediTests;
			productReference = CE1AFC0627493576006B90B4 /* CryptoTelemediTests.xctest */;
			productType = "com.apple.product-type.bundle.unit-test";
		};
		CE1AFC0F27493576006B90B4 /* CryptoTelemediUITests */ = {
			isa = PBXNativeTarget;
			buildConfigurationList = CE1AFC2027493576006B90B4 /* Build configuration list for PBXNativeTarget "CryptoTelemediUITests" */;
			buildPhases = (
				E2027D4B78C16DEB9172A9D6 /* [CP] Check Pods Manifest.lock */,
				CE1AFC0C27493576006B90B4 /* Sources */,
				CE1AFC0D27493576006B90B4 /* Frameworks */,
				CE1AFC0E27493576006B90B4 /* Resources */,
				529C3494BA92F6E715EC7F3C /* [CP] Embed Pods Frameworks */,
			);
			buildRules = (
			);
			dependencies = (
				CE1AFC1227493576006B90B4 /* PBXTargetDependency */,
			);
			name = CryptoTelemediUITests;
			productName = CryptoTelemediUITests;
			productReference = CE1AFC1027493576006B90B4 /* CryptoTelemediUITests.xctest */;
			productType = "com.apple.product-type.bundle.ui-testing";
		};
/* End PBXNativeTarget section */

/* Begin PBXProject section */
		CE1AFBE827493575006B90B4 /* Project object */ = {
			isa = PBXProject;
			attributes = {
				BuildIndependentTargetsInParallel = 1;
				LastSwiftUpdateCheck = 1310;
				LastUpgradeCheck = 1310;
				TargetAttributes = {
					CE1AFBEF27493575006B90B4 = {
						CreatedOnToolsVersion = 13.1;
					};
					CE1AFC0527493576006B90B4 = {
						CreatedOnToolsVersion = 13.1;
						TestTargetID = CE1AFBEF27493575006B90B4;
					};
					CE1AFC0F27493576006B90B4 = {
						CreatedOnToolsVersion = 13.1;
						TestTargetID = CE1AFBEF27493575006B90B4;
					};
				};
			};
			buildConfigurationList = CE1AFBEB27493575006B90B4 /* Build configuration list for PBXProject "CryptoTelemedi" */;
			compatibilityVersion = "Xcode 13.0";
			developmentRegion = en;
			hasScannedForEncodings = 0;
			knownRegions = (
				en,
				Base,
			);
			mainGroup = CE1AFBE727493575006B90B4;
			productRefGroup = CE1AFBF127493575006B90B4 /* Products */;
			projectDirPath = "";
			projectRoot = "";
			targets = (
				CE1AFBEF27493575006B90B4 /* CryptoTelemedi */,
				CE1AFC0527493576006B90B4 /* CryptoTelemediTests */,
				CE1AFC0F27493576006B90B4 /* CryptoTelemediUITests */,
			);
		};
/* End PBXProject section */

/* Begin PBXResourcesBuildPhase section */
		CE1AFBEE27493575006B90B4 /* Resources */ = {
			isa = PBXResourcesBuildPhase;
			buildActionMask = 2147483647;
			files = (
				CE15C429274B800D001BEC42 /* CurrencyDetailsViewController.xib in Resources */,
				CE6FFBA4274F8EAB004178D5 /* Localizable.strings in Resources */,
				CE67B7B8274BEC9900A9958C /* CurrencyTableViewCell.xib in Resources */,
				CE1AFC0027493576006B90B4 /* LaunchScreen.storyboard in Resources */,
				CECF9930274ACDB000244E56 /* CurrencyListingViewController.xib in Resources */,
				CE1AFBFD27493576006B90B4 /* Assets.xcassets in Resources */,
			);
			runOnlyForDeploymentPostprocessing = 0;
		};
		CE1AFC0427493576006B90B4 /* Resources */ = {
			isa = PBXResourcesBuildPhase;
			buildActionMask = 2147483647;
			files = (
			);
			runOnlyForDeploymentPostprocessing = 0;
		};
		CE1AFC0E27493576006B90B4 /* Resources */ = {
			isa = PBXResourcesBuildPhase;
			buildActionMask = 2147483647;
			files = (
			);
			runOnlyForDeploymentPostprocessing = 0;
		};
/* End PBXResourcesBuildPhase section */

/* Begin PBXShellScriptBuildPhase section */
		1099A1292983BAFE39E43289 /* [CP] Check Pods Manifest.lock */ = {
			isa = PBXShellScriptBuildPhase;
			buildActionMask = 2147483647;
			files = (
			);
			inputFileListPaths = (
			);
			inputPaths = (
				"${PODS_PODFILE_DIR_PATH}/Podfile.lock",
				"${PODS_ROOT}/Manifest.lock",
			);
			name = "[CP] Check Pods Manifest.lock";
			outputFileListPaths = (
			);
			outputPaths = (
				"$(DERIVED_FILE_DIR)/Pods-CryptoTelemedi-checkManifestLockResult.txt",
			);
			runOnlyForDeploymentPostprocessing = 0;
			shellPath = /bin/sh;
			shellScript = "diff \"${PODS_PODFILE_DIR_PATH}/Podfile.lock\" \"${PODS_ROOT}/Manifest.lock\" > /dev/null\nif [ $? != 0 ] ; then\n    # print error to STDERR\n    echo \"error: The sandbox is not in sync with the Podfile.lock. Run 'pod install' or update your CocoaPods installation.\" >&2\n    exit 1\nfi\n# This output is used by Xcode 'outputs' to avoid re-running this script phase.\necho \"SUCCESS\" > \"${SCRIPT_OUTPUT_FILE_0}\"\n";
			showEnvVarsInLog = 0;
		};
		262D251F78D542BF77EEFFED /* [CP] Embed Pods Frameworks */ = {
			isa = PBXShellScriptBuildPhase;
			buildActionMask = 2147483647;
			files = (
			);
			inputFileListPaths = (
				"${PODS_ROOT}/Target Support Files/Pods-CryptoTelemedi/Pods-CryptoTelemedi-frameworks-${CONFIGURATION}-input-files.xcfilelist",
			);
			name = "[CP] Embed Pods Frameworks";
			outputFileListPaths = (
				"${PODS_ROOT}/Target Support Files/Pods-CryptoTelemedi/Pods-CryptoTelemedi-frameworks-${CONFIGURATION}-output-files.xcfilelist",
			);
			runOnlyForDeploymentPostprocessing = 0;
			shellPath = /bin/sh;
			shellScript = "\"${PODS_ROOT}/Target Support Files/Pods-CryptoTelemedi/Pods-CryptoTelemedi-frameworks.sh\"\n";
			showEnvVarsInLog = 0;
		};
		529C3494BA92F6E715EC7F3C /* [CP] Embed Pods Frameworks */ = {
			isa = PBXShellScriptBuildPhase;
			buildActionMask = 2147483647;
			files = (
			);
			inputFileListPaths = (
				"${PODS_ROOT}/Target Support Files/Pods-CryptoTelemedi-CryptoTelemediUITests/Pods-CryptoTelemedi-CryptoTelemediUITests-frameworks-${CONFIGURATION}-input-files.xcfilelist",
			);
			name = "[CP] Embed Pods Frameworks";
			outputFileListPaths = (
				"${PODS_ROOT}/Target Support Files/Pods-CryptoTelemedi-CryptoTelemediUITests/Pods-CryptoTelemedi-CryptoTelemediUITests-frameworks-${CONFIGURATION}-output-files.xcfilelist",
			);
			runOnlyForDeploymentPostprocessing = 0;
			shellPath = /bin/sh;
			shellScript = "\"${PODS_ROOT}/Target Support Files/Pods-CryptoTelemedi-CryptoTelemediUITests/Pods-CryptoTelemedi-CryptoTelemediUITests-frameworks.sh\"\n";
			showEnvVarsInLog = 0;
		};
		A0D6A1DA9AB32793FF834EC3 /* [CP] Check Pods Manifest.lock */ = {
			isa = PBXShellScriptBuildPhase;
			buildActionMask = 2147483647;
			files = (
			);
			inputFileListPaths = (
			);
			inputPaths = (
				"${PODS_PODFILE_DIR_PATH}/Podfile.lock",
				"${PODS_ROOT}/Manifest.lock",
			);
			name = "[CP] Check Pods Manifest.lock";
			outputFileListPaths = (
			);
			outputPaths = (
				"$(DERIVED_FILE_DIR)/Pods-CryptoTelemediTests-checkManifestLockResult.txt",
			);
			runOnlyForDeploymentPostprocessing = 0;
			shellPath = /bin/sh;
			shellScript = "diff \"${PODS_PODFILE_DIR_PATH}/Podfile.lock\" \"${PODS_ROOT}/Manifest.lock\" > /dev/null\nif [ $? != 0 ] ; then\n    # print error to STDERR\n    echo \"error: The sandbox is not in sync with the Podfile.lock. Run 'pod install' or update your CocoaPods installation.\" >&2\n    exit 1\nfi\n# This output is used by Xcode 'outputs' to avoid re-running this script phase.\necho \"SUCCESS\" > \"${SCRIPT_OUTPUT_FILE_0}\"\n";
			showEnvVarsInLog = 0;
		};
		CE6FFB9E274F897C004178D5 /* R.swift */ = {
			isa = PBXShellScriptBuildPhase;
			alwaysOutOfDate = 1;
			buildActionMask = 2147483647;
			files = (
			);
			inputFileListPaths = (
			);
			inputPaths = (
			);
			name = R.swift;
			outputFileListPaths = (
			);
			outputPaths = (
				$SRCROOT/CryptoTelemedi/Resources/R.generated.swift,
			);
			runOnlyForDeploymentPostprocessing = 0;
			shellPath = /bin/sh;
			shellScript = "\"$PODS_ROOT/R.swift/rswift\" generate \"$SRCROOT/CryptoTelemedi/Resources/R.generated.swift\"\n";
		};
		E2027D4B78C16DEB9172A9D6 /* [CP] Check Pods Manifest.lock */ = {
			isa = PBXShellScriptBuildPhase;
			buildActionMask = 2147483647;
			files = (
			);
			inputFileListPaths = (
			);
			inputPaths = (
				"${PODS_PODFILE_DIR_PATH}/Podfile.lock",
				"${PODS_ROOT}/Manifest.lock",
			);
			name = "[CP] Check Pods Manifest.lock";
			outputFileListPaths = (
			);
			outputPaths = (
				"$(DERIVED_FILE_DIR)/Pods-CryptoTelemedi-CryptoTelemediUITests-checkManifestLockResult.txt",
			);
			runOnlyForDeploymentPostprocessing = 0;
			shellPath = /bin/sh;
			shellScript = "diff \"${PODS_PODFILE_DIR_PATH}/Podfile.lock\" \"${PODS_ROOT}/Manifest.lock\" > /dev/null\nif [ $? != 0 ] ; then\n    # print error to STDERR\n    echo \"error: The sandbox is not in sync with the Podfile.lock. Run 'pod install' or update your CocoaPods installation.\" >&2\n    exit 1\nfi\n# This output is used by Xcode 'outputs' to avoid re-running this script phase.\necho \"SUCCESS\" > \"${SCRIPT_OUTPUT_FILE_0}\"\n";
			showEnvVarsInLog = 0;
		};
/* End PBXShellScriptBuildPhase section */

/* Begin PBXSourcesBuildPhase section */
		CE1AFBEC27493575006B90B4 /* Sources */ = {
			isa = PBXSourcesBuildPhase;
			buildActionMask = 2147483647;
			files = (
				CECF992C274A895600244E56 /* AppCoordinator.swift in Sources */,
				CECD0F9327495DEE00701C81 /* CurrencyListingCoordinator.swift in Sources */,
				CED6BFC0274CFAE300EF6CDC /* LoadingStateHelper.swift in Sources */,
				CE6FFB9C274F8837004178D5 /* Typealiases.swift in Sources */,
				CE1AFBF427493575006B90B4 /* AppDelegate.swift in Sources */,
				CED6BFC5274D292200EF6CDC /* CryptocurrencyListingsResponse.swift in Sources */,
				CED6BFB1274C199A00EF6CDC /* CurrencyListingManager.swift in Sources */,
				CED6BFC7274D293A00EF6CDC /* CurrencyResponse.swift in Sources */,
				CECE01CE274D789400E50F81 /* CustomErrors.swift in Sources */,
				CE92E88D274FB5EA00450AB9 /* Collection+SafeIndex.swift in Sources */,
				CECD0F8F27495DB400701C81 /* CurrencyDetailsViewModel.swift in Sources */,
				CED6BFBB274CDF2600EF6CDC /* CurrencyListingRequest.swift in Sources */,
				CE6FFBA1274F8C95004178D5 /* R.generated.swift in Sources */,
				CED6BFB6274C1DEC00EF6CDC /* DataRequest.swift in Sources */,
				CE1AFC3227494D5A006B90B4 /* CurrencyListingViewModel.swift in Sources */,
				CECE01D0274D79E400E50F81 /* AlertHelper.swift in Sources */,
				CE1AFBF627493575006B90B4 /* SceneDelegate.swift in Sources */,
				CECF992F274ACDB000244E56 /* CurrencyListingViewController.swift in Sources */,
				CE15C428274B800D001BEC42 /* CurrencyDetailsViewController.swift in Sources */,
				CE67B7B7274BEC9900A9958C /* CurrencyTableViewCell.swift in Sources */,
				CED6BFB8274C1F4C00EF6CDC /* NetworkService.swift in Sources */,
				CED6BFC9274D299900EF6CDC /* Currency.swift in Sources */,
				CECD0F9127495DE200701C81 /* CurrencyDetailsCoordinator.swift in Sources */,
				CED6BFBE274CFA3300EF6CDC /* UIViewController+ShowAndHideSpinner.swift in Sources */,
				CED6BFC3274D192E00EF6CDC /* BasicNetworkData.swift in Sources */,
			);
			runOnlyForDeploymentPostprocessing = 0;
		};
		CE1AFC0227493576006B90B4 /* Sources */ = {
			isa = PBXSourcesBuildPhase;
			buildActionMask = 2147483647;
			files = (
				CE92E88B274FAEF400450AB9 /* CurrencyListingManagerMock.swift in Sources */,
				CE92E886274FA82D00450AB9 /* CurrencyListingViewModelTests.swift in Sources */,
			);
			runOnlyForDeploymentPostprocessing = 0;
		};
		CE1AFC0C27493576006B90B4 /* Sources */ = {
			isa = PBXSourcesBuildPhase;
			buildActionMask = 2147483647;
			files = (
				CE1AFC1727493576006B90B4 /* CryptoTelemediUITestsLaunchTests.swift in Sources */,
				CE1AFC1527493576006B90B4 /* CryptoTelemediUITests.swift in Sources */,
			);
			runOnlyForDeploymentPostprocessing = 0;
		};
/* End PBXSourcesBuildPhase section */

/* Begin PBXTargetDependency section */
		CE1AFC0827493576006B90B4 /* PBXTargetDependency */ = {
			isa = PBXTargetDependency;
			target = CE1AFBEF27493575006B90B4 /* CryptoTelemedi */;
			targetProxy = CE1AFC0727493576006B90B4 /* PBXContainerItemProxy */;
		};
		CE1AFC1227493576006B90B4 /* PBXTargetDependency */ = {
			isa = PBXTargetDependency;
			target = CE1AFBEF27493575006B90B4 /* CryptoTelemedi */;
			targetProxy = CE1AFC1127493576006B90B4 /* PBXContainerItemProxy */;
		};
/* End PBXTargetDependency section */

/* Begin PBXVariantGroup section */
		CE1AFBFE27493576006B90B4 /* LaunchScreen.storyboard */ = {
			isa = PBXVariantGroup;
			children = (
				CE1AFBFF27493576006B90B4 /* Base */,
			);
			name = LaunchScreen.storyboard;
			sourceTree = "<group>";
		};
		CE6FFBA6274F8EAB004178D5 /* Localizable.strings */ = {
			isa = PBXVariantGroup;
			children = (
				CE6FFBA5274F8EAB004178D5 /* en */,
			);
			name = Localizable.strings;
			sourceTree = "<group>";
		};
/* End PBXVariantGroup section */

/* Begin XCBuildConfiguration section */
		CE1AFC1827493576006B90B4 /* Debug */ = {
			isa = XCBuildConfiguration;
			buildSettings = {
				ALWAYS_SEARCH_USER_PATHS = NO;
				CLANG_ANALYZER_NONNULL = YES;
				CLANG_ANALYZER_NUMBER_OBJECT_CONVERSION = YES_AGGRESSIVE;
				CLANG_CXX_LANGUAGE_STANDARD = "gnu++17";
				CLANG_CXX_LIBRARY = "libc++";
				CLANG_ENABLE_MODULES = YES;
				CLANG_ENABLE_OBJC_ARC = YES;
				CLANG_ENABLE_OBJC_WEAK = YES;
				CLANG_WARN_BLOCK_CAPTURE_AUTORELEASING = YES;
				CLANG_WARN_BOOL_CONVERSION = YES;
				CLANG_WARN_COMMA = YES;
				CLANG_WARN_CONSTANT_CONVERSION = YES;
				CLANG_WARN_DEPRECATED_OBJC_IMPLEMENTATIONS = YES;
				CLANG_WARN_DIRECT_OBJC_ISA_USAGE = YES_ERROR;
				CLANG_WARN_DOCUMENTATION_COMMENTS = YES;
				CLANG_WARN_EMPTY_BODY = YES;
				CLANG_WARN_ENUM_CONVERSION = YES;
				CLANG_WARN_INFINITE_RECURSION = YES;
				CLANG_WARN_INT_CONVERSION = YES;
				CLANG_WARN_NON_LITERAL_NULL_CONVERSION = YES;
				CLANG_WARN_OBJC_IMPLICIT_RETAIN_SELF = YES;
				CLANG_WARN_OBJC_LITERAL_CONVERSION = YES;
				CLANG_WARN_OBJC_ROOT_CLASS = YES_ERROR;
				CLANG_WARN_QUOTED_INCLUDE_IN_FRAMEWORK_HEADER = YES;
				CLANG_WARN_RANGE_LOOP_ANALYSIS = YES;
				CLANG_WARN_STRICT_PROTOTYPES = YES;
				CLANG_WARN_SUSPICIOUS_MOVE = YES;
				CLANG_WARN_UNGUARDED_AVAILABILITY = YES_AGGRESSIVE;
				CLANG_WARN_UNREACHABLE_CODE = YES;
				CLANG_WARN__DUPLICATE_METHOD_MATCH = YES;
				COPY_PHASE_STRIP = NO;
				DEBUG_INFORMATION_FORMAT = dwarf;
				ENABLE_STRICT_OBJC_MSGSEND = YES;
				ENABLE_TESTABILITY = YES;
				GCC_C_LANGUAGE_STANDARD = gnu11;
				GCC_DYNAMIC_NO_PIC = NO;
				GCC_NO_COMMON_BLOCKS = YES;
				GCC_OPTIMIZATION_LEVEL = 0;
				GCC_PREPROCESSOR_DEFINITIONS = (
					"DEBUG=1",
					"$(inherited)",
				);
				GCC_WARN_64_TO_32_BIT_CONVERSION = YES;
				GCC_WARN_ABOUT_RETURN_TYPE = YES_ERROR;
				GCC_WARN_UNDECLARED_SELECTOR = YES;
				GCC_WARN_UNINITIALIZED_AUTOS = YES_AGGRESSIVE;
				GCC_WARN_UNUSED_FUNCTION = YES;
				GCC_WARN_UNUSED_VARIABLE = YES;
				IPHONEOS_DEPLOYMENT_TARGET = 15.0;
				MTL_ENABLE_DEBUG_INFO = INCLUDE_SOURCE;
				MTL_FAST_MATH = YES;
				ONLY_ACTIVE_ARCH = YES;
				SDKROOT = iphoneos;
				SWIFT_ACTIVE_COMPILATION_CONDITIONS = DEBUG;
				SWIFT_OPTIMIZATION_LEVEL = "-Onone";
			};
			name = Debug;
		};
		CE1AFC1927493576006B90B4 /* Release */ = {
			isa = XCBuildConfiguration;
			buildSettings = {
				ALWAYS_SEARCH_USER_PATHS = NO;
				CLANG_ANALYZER_NONNULL = YES;
				CLANG_ANALYZER_NUMBER_OBJECT_CONVERSION = YES_AGGRESSIVE;
				CLANG_CXX_LANGUAGE_STANDARD = "gnu++17";
				CLANG_CXX_LIBRARY = "libc++";
				CLANG_ENABLE_MODULES = YES;
				CLANG_ENABLE_OBJC_ARC = YES;
				CLANG_ENABLE_OBJC_WEAK = YES;
				CLANG_WARN_BLOCK_CAPTURE_AUTORELEASING = YES;
				CLANG_WARN_BOOL_CONVERSION = YES;
				CLANG_WARN_COMMA = YES;
				CLANG_WARN_CONSTANT_CONVERSION = YES;
				CLANG_WARN_DEPRECATED_OBJC_IMPLEMENTATIONS = YES;
				CLANG_WARN_DIRECT_OBJC_ISA_USAGE = YES_ERROR;
				CLANG_WARN_DOCUMENTATION_COMMENTS = YES;
				CLANG_WARN_EMPTY_BODY = YES;
				CLANG_WARN_ENUM_CONVERSION = YES;
				CLANG_WARN_INFINITE_RECURSION = YES;
				CLANG_WARN_INT_CONVERSION = YES;
				CLANG_WARN_NON_LITERAL_NULL_CONVERSION = YES;
				CLANG_WARN_OBJC_IMPLICIT_RETAIN_SELF = YES;
				CLANG_WARN_OBJC_LITERAL_CONVERSION = YES;
				CLANG_WARN_OBJC_ROOT_CLASS = YES_ERROR;
				CLANG_WARN_QUOTED_INCLUDE_IN_FRAMEWORK_HEADER = YES;
				CLANG_WARN_RANGE_LOOP_ANALYSIS = YES;
				CLANG_WARN_STRICT_PROTOTYPES = YES;
				CLANG_WARN_SUSPICIOUS_MOVE = YES;
				CLANG_WARN_UNGUARDED_AVAILABILITY = YES_AGGRESSIVE;
				CLANG_WARN_UNREACHABLE_CODE = YES;
				CLANG_WARN__DUPLICATE_METHOD_MATCH = YES;
				COPY_PHASE_STRIP = NO;
				DEBUG_INFORMATION_FORMAT = "dwarf-with-dsym";
				ENABLE_NS_ASSERTIONS = NO;
				ENABLE_STRICT_OBJC_MSGSEND = YES;
				GCC_C_LANGUAGE_STANDARD = gnu11;
				GCC_NO_COMMON_BLOCKS = YES;
				GCC_WARN_64_TO_32_BIT_CONVERSION = YES;
				GCC_WARN_ABOUT_RETURN_TYPE = YES_ERROR;
				GCC_WARN_UNDECLARED_SELECTOR = YES;
				GCC_WARN_UNINITIALIZED_AUTOS = YES_AGGRESSIVE;
				GCC_WARN_UNUSED_FUNCTION = YES;
				GCC_WARN_UNUSED_VARIABLE = YES;
				IPHONEOS_DEPLOYMENT_TARGET = 15.0;
				MTL_ENABLE_DEBUG_INFO = NO;
				MTL_FAST_MATH = YES;
				SDKROOT = iphoneos;
				SWIFT_COMPILATION_MODE = wholemodule;
				SWIFT_OPTIMIZATION_LEVEL = "-O";
				VALIDATE_PRODUCT = YES;
			};
			name = Release;
		};
		CE1AFC1B27493576006B90B4 /* Debug */ = {
			isa = XCBuildConfiguration;
			baseConfigurationReference = 3E9434CEA5F551F90B5D1A12 /* Pods-CryptoTelemedi.debug.xcconfig */;
			buildSettings = {
				ASSETCATALOG_COMPILER_APPICON_NAME = AppIcon;
				ASSETCATALOG_COMPILER_GLOBAL_ACCENT_COLOR_NAME = AccentColor;
				CODE_SIGN_STYLE = Automatic;
				CURRENT_PROJECT_VERSION = 1;
				DEVELOPMENT_TEAM = 59LC6PAR59;
				GENERATE_INFOPLIST_FILE = YES;
				INFOPLIST_FILE = CryptoTelemedi/Info.plist;
				INFOPLIST_KEY_UIApplicationSupportsIndirectInputEvents = YES;
				INFOPLIST_KEY_UILaunchStoryboardName = LaunchScreen;
				INFOPLIST_KEY_UISupportedInterfaceOrientations = UIInterfaceOrientationPortrait;
				INFOPLIST_KEY_UISupportedInterfaceOrientations_iPad = "UIInterfaceOrientationPortrait UIInterfaceOrientationPortraitUpsideDown UIInterfaceOrientationLandscapeLeft UIInterfaceOrientationLandscapeRight";
				INFOPLIST_KEY_UISupportedInterfaceOrientations_iPhone = "UIInterfaceOrientationPortrait UIInterfaceOrientationLandscapeLeft UIInterfaceOrientationLandscapeRight";
				LD_RUNPATH_SEARCH_PATHS = (
					"$(inherited)",
					"@executable_path/Frameworks",
				);
				MARKETING_VERSION = 1.0;
				PRODUCT_BUNDLE_IDENTIFIER = somnisostudio.CryptoTelemedi;
				PRODUCT_NAME = "$(TARGET_NAME)";
				SWIFT_EMIT_LOC_STRINGS = YES;
				SWIFT_VERSION = 5.0;
				TARGETED_DEVICE_FAMILY = "1,2";
			};
			name = Debug;
		};
		CE1AFC1C27493576006B90B4 /* Release */ = {
			isa = XCBuildConfiguration;
			baseConfigurationReference = 7C519F21422A48CEA0768CA7 /* Pods-CryptoTelemedi.release.xcconfig */;
			buildSettings = {
				ASSETCATALOG_COMPILER_APPICON_NAME = AppIcon;
				ASSETCATALOG_COMPILER_GLOBAL_ACCENT_COLOR_NAME = AccentColor;
				CODE_SIGN_STYLE = Automatic;
				CURRENT_PROJECT_VERSION = 1;
				DEVELOPMENT_TEAM = 59LC6PAR59;
				GENERATE_INFOPLIST_FILE = YES;
				INFOPLIST_FILE = CryptoTelemedi/Info.plist;
				INFOPLIST_KEY_UIApplicationSupportsIndirectInputEvents = YES;
				INFOPLIST_KEY_UILaunchStoryboardName = LaunchScreen;
				INFOPLIST_KEY_UISupportedInterfaceOrientations = UIInterfaceOrientationPortrait;
				INFOPLIST_KEY_UISupportedInterfaceOrientations_iPad = "UIInterfaceOrientationPortrait UIInterfaceOrientationPortraitUpsideDown UIInterfaceOrientationLandscapeLeft UIInterfaceOrientationLandscapeRight";
				INFOPLIST_KEY_UISupportedInterfaceOrientations_iPhone = "UIInterfaceOrientationPortrait UIInterfaceOrientationLandscapeLeft UIInterfaceOrientationLandscapeRight";
				LD_RUNPATH_SEARCH_PATHS = (
					"$(inherited)",
					"@executable_path/Frameworks",
				);
				MARKETING_VERSION = 1.0;
				PRODUCT_BUNDLE_IDENTIFIER = somnisostudio.CryptoTelemedi;
				PRODUCT_NAME = "$(TARGET_NAME)";
				SWIFT_EMIT_LOC_STRINGS = YES;
				SWIFT_VERSION = 5.0;
				TARGETED_DEVICE_FAMILY = "1,2";
			};
			name = Release;
		};
		CE1AFC1E27493576006B90B4 /* Debug */ = {
			isa = XCBuildConfiguration;
			baseConfigurationReference = 35908B29130BD2D0DA252B0F /* Pods-CryptoTelemediTests.debug.xcconfig */;
			buildSettings = {
				ALWAYS_EMBED_SWIFT_STANDARD_LIBRARIES = YES;
				BUNDLE_LOADER = "$(TEST_HOST)";
				CODE_SIGN_STYLE = Automatic;
				CURRENT_PROJECT_VERSION = 1;
				GENERATE_INFOPLIST_FILE = YES;
				IPHONEOS_DEPLOYMENT_TARGET = 15.0;
				LD_RUNPATH_SEARCH_PATHS = (
					"$(inherited)",
					"@executable_path/Frameworks",
					"@loader_path/Frameworks",
				);
				MARKETING_VERSION = 1.0;
				PRODUCT_BUNDLE_IDENTIFIER = somnisostudio.CryptoTelemediTests;
				PRODUCT_NAME = "$(TARGET_NAME)";
				SWIFT_EMIT_LOC_STRINGS = NO;
				SWIFT_VERSION = 5.0;
				TARGETED_DEVICE_FAMILY = "1,2";
				TEST_HOST = "$(BUILT_PRODUCTS_DIR)/CryptoTelemedi.app/CryptoTelemedi";
			};
			name = Debug;
		};
		CE1AFC1F27493576006B90B4 /* Release */ = {
			isa = XCBuildConfiguration;
			baseConfigurationReference = DB58452197F8503106A613FA /* Pods-CryptoTelemediTests.release.xcconfig */;
			buildSettings = {
				ALWAYS_EMBED_SWIFT_STANDARD_LIBRARIES = YES;
				BUNDLE_LOADER = "$(TEST_HOST)";
				CODE_SIGN_STYLE = Automatic;
				CURRENT_PROJECT_VERSION = 1;
				GENERATE_INFOPLIST_FILE = YES;
				IPHONEOS_DEPLOYMENT_TARGET = 15.0;
				LD_RUNPATH_SEARCH_PATHS = (
					"$(inherited)",
					"@executable_path/Frameworks",
					"@loader_path/Frameworks",
				);
				MARKETING_VERSION = 1.0;
				PRODUCT_BUNDLE_IDENTIFIER = somnisostudio.CryptoTelemediTests;
				PRODUCT_NAME = "$(TARGET_NAME)";
				SWIFT_EMIT_LOC_STRINGS = NO;
				SWIFT_VERSION = 5.0;
				TARGETED_DEVICE_FAMILY = "1,2";
				TEST_HOST = "$(BUILT_PRODUCTS_DIR)/CryptoTelemedi.app/CryptoTelemedi";
			};
			name = Release;
		};
		CE1AFC2127493576006B90B4 /* Debug */ = {
			isa = XCBuildConfiguration;
			baseConfigurationReference = DA257757332B5072304A8D65 /* Pods-CryptoTelemedi-CryptoTelemediUITests.debug.xcconfig */;
			buildSettings = {
				ALWAYS_EMBED_SWIFT_STANDARD_LIBRARIES = YES;
				CODE_SIGN_STYLE = Automatic;
				CURRENT_PROJECT_VERSION = 1;
				GENERATE_INFOPLIST_FILE = YES;
				LD_RUNPATH_SEARCH_PATHS = (
					"$(inherited)",
					"@executable_path/Frameworks",
					"@loader_path/Frameworks",
				);
				MARKETING_VERSION = 1.0;
				PRODUCT_BUNDLE_IDENTIFIER = somnisostudio.CryptoTelemediUITests;
				PRODUCT_NAME = "$(TARGET_NAME)";
				SWIFT_EMIT_LOC_STRINGS = NO;
				SWIFT_VERSION = 5.0;
				TARGETED_DEVICE_FAMILY = "1,2";
				TEST_TARGET_NAME = CryptoTelemedi;
			};
			name = Debug;
		};
		CE1AFC2227493576006B90B4 /* Release */ = {
			isa = XCBuildConfiguration;
			baseConfigurationReference = CDC8B8613BEA505468225020 /* Pods-CryptoTelemedi-CryptoTelemediUITests.release.xcconfig */;
			buildSettings = {
				ALWAYS_EMBED_SWIFT_STANDARD_LIBRARIES = YES;
				CODE_SIGN_STYLE = Automatic;
				CURRENT_PROJECT_VERSION = 1;
				GENERATE_INFOPLIST_FILE = YES;
				LD_RUNPATH_SEARCH_PATHS = (
					"$(inherited)",
					"@executable_path/Frameworks",
					"@loader_path/Frameworks",
				);
				MARKETING_VERSION = 1.0;
				PRODUCT_BUNDLE_IDENTIFIER = somnisostudio.CryptoTelemediUITests;
				PRODUCT_NAME = "$(TARGET_NAME)";
				SWIFT_EMIT_LOC_STRINGS = NO;
				SWIFT_VERSION = 5.0;
				TARGETED_DEVICE_FAMILY = "1,2";
				TEST_TARGET_NAME = CryptoTelemedi;
			};
			name = Release;
		};
/* End XCBuildConfiguration section */

/* Begin XCConfigurationList section */
		CE1AFBEB27493575006B90B4 /* Build configuration list for PBXProject "CryptoTelemedi" */ = {
			isa = XCConfigurationList;
			buildConfigurations = (
				CE1AFC1827493576006B90B4 /* Debug */,
				CE1AFC1927493576006B90B4 /* Release */,
			);
			defaultConfigurationIsVisible = 0;
			defaultConfigurationName = Release;
		};
		CE1AFC1A27493576006B90B4 /* Build configuration list for PBXNativeTarget "CryptoTelemedi" */ = {
			isa = XCConfigurationList;
			buildConfigurations = (
				CE1AFC1B27493576006B90B4 /* Debug */,
				CE1AFC1C27493576006B90B4 /* Release */,
			);
			defaultConfigurationIsVisible = 0;
			defaultConfigurationName = Release;
		};
		CE1AFC1D27493576006B90B4 /* Build configuration list for PBXNativeTarget "CryptoTelemediTests" */ = {
			isa = XCConfigurationList;
			buildConfigurations = (
				CE1AFC1E27493576006B90B4 /* Debug */,
				CE1AFC1F27493576006B90B4 /* Release */,
			);
			defaultConfigurationIsVisible = 0;
			defaultConfigurationName = Release;
		};
		CE1AFC2027493576006B90B4 /* Build configuration list for PBXNativeTarget "CryptoTelemediUITests" */ = {
			isa = XCConfigurationList;
			buildConfigurations = (
				CE1AFC2127493576006B90B4 /* Debug */,
				CE1AFC2227493576006B90B4 /* Release */,
			);
			defaultConfigurationIsVisible = 0;
			defaultConfigurationName = Release;
		};
/* End XCConfigurationList section */
	};
	rootObject = CE1AFBE827493575006B90B4 /* Project object */;
}
